// !$*UTF8*$!
{
	archiveVersion = 1;
	classes = {
	};
	objectVersion = 56;
	objects = {

/* Begin PBXBuildFile section */
		53687A53E2D7DF288B62060C /* Pods_GraphQL.framework in Frameworks */ = {isa = PBXBuildFile; fileRef = 5FBB119B32B47B2FE46A5E67 /* Pods_GraphQL.framework */; };
		C0D4D13E2A5580DE001157B1 /* AppDelegate.swift in Sources */ = {isa = PBXBuildFile; fileRef = C0D4D13D2A5580DE001157B1 /* AppDelegate.swift */; };
		C0D4D1402A5580DE001157B1 /* SceneDelegate.swift in Sources */ = {isa = PBXBuildFile; fileRef = C0D4D13F2A5580DE001157B1 /* SceneDelegate.swift */; };
		C0D4D1422A5580DE001157B1 /* ViewController.swift in Sources */ = {isa = PBXBuildFile; fileRef = C0D4D1412A5580DE001157B1 /* ViewController.swift */; };
		C0D4D1452A5580DE001157B1 /* Main.storyboard in Resources */ = {isa = PBXBuildFile; fileRef = C0D4D1432A5580DE001157B1 /* Main.storyboard */; };
		C0D4D1472A5580DF001157B1 /* Assets.xcassets in Resources */ = {isa = PBXBuildFile; fileRef = C0D4D1462A5580DF001157B1 /* Assets.xcassets */; };
		C0D4D14A2A5580DF001157B1 /* LaunchScreen.storyboard in Resources */ = {isa = PBXBuildFile; fileRef = C0D4D1482A5580DF001157B1 /* LaunchScreen.storyboard */; };
		C0DE2B6F2AADA971000B995C /* schema1.json in Resources */ = {isa = PBXBuildFile; fileRef = C0DE2B6E2AADA971000B995C /* schema1.json */; };
		C0DE2B7B2AADB4F0000B995C /* ExampleQuery.graphql in Resources */ = {isa = PBXBuildFile; fileRef = C0DE2B7A2AADB4F0000B995C /* ExampleQuery.graphql */; };
		C0DE2BA92AADC556000B995C /* ExampleQuery.graphql.swift in Sources */ = {isa = PBXBuildFile; fileRef = C0DE2BA12AADC556000B995C /* ExampleQuery.graphql.swift */; };
		C0DE2BAA2AADC556000B995C /* Book.graphql.swift in Sources */ = {isa = PBXBuildFile; fileRef = C0DE2BA42AADC556000B995C /* Book.graphql.swift */; };
		C0DE2BAB2AADC556000B995C /* Query.graphql.swift in Sources */ = {isa = PBXBuildFile; fileRef = C0DE2BA52AADC556000B995C /* Query.graphql.swift */; };
		C0DE2BAC2AADC556000B995C /* SchemaConfiguration.swift in Sources */ = {isa = PBXBuildFile; fileRef = C0DE2BA62AADC556000B995C /* SchemaConfiguration.swift */; };
		C0DE2BAD2AADC556000B995C /* SchemaMetadata.graphql.swift in Sources */ = {isa = PBXBuildFile; fileRef = C0DE2BA72AADC556000B995C /* SchemaMetadata.graphql.swift */; };
		C0DE2BAE2AADC556000B995C /* apollo-codegen-config.json in Resources */ = {isa = PBXBuildFile; fileRef = C0DE2BA82AADC556000B995C /* apollo-codegen-config.json */; };
/* End PBXBuildFile section */

/* Begin PBXFileReference section */
		2BAB7B9E9768E335DBD6FBF5 /* Pods-GraphQL.debug.xcconfig */ = {isa = PBXFileReference; includeInIndex = 1; lastKnownFileType = text.xcconfig; name = "Pods-GraphQL.debug.xcconfig"; path = "Target Support Files/Pods-GraphQL/Pods-GraphQL.debug.xcconfig"; sourceTree = "<group>"; };
		33359FA070FBC85551AFCDCF /* Pods-GraphQL.release.xcconfig */ = {isa = PBXFileReference; includeInIndex = 1; lastKnownFileType = text.xcconfig; name = "Pods-GraphQL.release.xcconfig"; path = "Target Support Files/Pods-GraphQL/Pods-GraphQL.release.xcconfig"; sourceTree = "<group>"; };
		5FBB119B32B47B2FE46A5E67 /* Pods_GraphQL.framework */ = {isa = PBXFileReference; explicitFileType = wrapper.framework; includeInIndex = 0; path = Pods_GraphQL.framework; sourceTree = BUILT_PRODUCTS_DIR; };
		C0D4D13A2A5580DE001157B1 /* GraphQL.app */ = {isa = PBXFileReference; explicitFileType = wrapper.application; includeInIndex = 0; path = GraphQL.app; sourceTree = BUILT_PRODUCTS_DIR; };
		C0D4D13D2A5580DE001157B1 /* AppDelegate.swift */ = {isa = PBXFileReference; lastKnownFileType = sourcecode.swift; path = AppDelegate.swift; sourceTree = "<group>"; };
		C0D4D13F2A5580DE001157B1 /* SceneDelegate.swift */ = {isa = PBXFileReference; lastKnownFileType = sourcecode.swift; path = SceneDelegate.swift; sourceTree = "<group>"; };
		C0D4D1412A5580DE001157B1 /* ViewController.swift */ = {isa = PBXFileReference; lastKnownFileType = sourcecode.swift; path = ViewController.swift; sourceTree = "<group>"; };
		C0D4D1442A5580DE001157B1 /* Base */ = {isa = PBXFileReference; lastKnownFileType = file.storyboard; name = Base; path = Base.lproj/Main.storyboard; sourceTree = "<group>"; };
		C0D4D1462A5580DF001157B1 /* Assets.xcassets */ = {isa = PBXFileReference; lastKnownFileType = folder.assetcatalog; path = Assets.xcassets; sourceTree = "<group>"; };
		C0D4D1492A5580DF001157B1 /* Base */ = {isa = PBXFileReference; lastKnownFileType = file.storyboard; name = Base; path = Base.lproj/LaunchScreen.storyboard; sourceTree = "<group>"; };
		C0D4D14B2A5580DF001157B1 /* Info.plist */ = {isa = PBXFileReference; lastKnownFileType = text.plist.xml; path = Info.plist; sourceTree = "<group>"; };
		C0DE2B6E2AADA971000B995C /* schema1.json */ = {isa = PBXFileReference; fileEncoding = 4; lastKnownFileType = text.json; path = schema1.json; sourceTree = "<group>"; };
		C0DE2B7A2AADB4F0000B995C /* ExampleQuery.graphql */ = {isa = PBXFileReference; lastKnownFileType = text; path = ExampleQuery.graphql; sourceTree = "<group>"; };
		C0DE2BA12AADC556000B995C /* ExampleQuery.graphql.swift */ = {isa = PBXFileReference; fileEncoding = 4; lastKnownFileType = sourcecode.swift; path = ExampleQuery.graphql.swift; sourceTree = "<group>"; };
		C0DE2BA42AADC556000B995C /* Book.graphql.swift */ = {isa = PBXFileReference; fileEncoding = 4; lastKnownFileType = sourcecode.swift; path = Book.graphql.swift; sourceTree = "<group>"; };
		C0DE2BA52AADC556000B995C /* Query.graphql.swift */ = {isa = PBXFileReference; fileEncoding = 4; lastKnownFileType = sourcecode.swift; path = Query.graphql.swift; sourceTree = "<group>"; };
		C0DE2BA62AADC556000B995C /* SchemaConfiguration.swift */ = {isa = PBXFileReference; fileEncoding = 4; lastKnownFileType = sourcecode.swift; path = SchemaConfiguration.swift; sourceTree = "<group>"; };
		C0DE2BA72AADC556000B995C /* SchemaMetadata.graphql.swift */ = {isa = PBXFileReference; fileEncoding = 4; lastKnownFileType = sourcecode.swift; path = SchemaMetadata.graphql.swift; sourceTree = "<group>"; };
		C0DE2BA82AADC556000B995C /* apollo-codegen-config.json */ = {isa = PBXFileReference; fileEncoding = 4; lastKnownFileType = text.json; path = "apollo-codegen-config.json"; sourceTree = "<group>"; };
/* End PBXFileReference section */

/* Begin PBXFrameworksBuildPhase section */
		C0D4D1372A5580DE001157B1 /* Frameworks */ = {
			isa = PBXFrameworksBuildPhase;
			buildActionMask = 2147483647;
			files = (
				53687A53E2D7DF288B62060C /* Pods_GraphQL.framework in Frameworks */,
			);
			runOnlyForDeploymentPostprocessing = 0;
		};
/* End PBXFrameworksBuildPhase section */

/* Begin PBXGroup section */
		AD27D868175BA20311C44086 /* Frameworks */ = {
			isa = PBXGroup;
			children = (
				5FBB119B32B47B2FE46A5E67 /* Pods_GraphQL.framework */,
			);
			name = Frameworks;
			sourceTree = "<group>";
		};
		C0D4D1312A5580DE001157B1 = {
			isa = PBXGroup;
			children = (
				C0D4D13C2A5580DE001157B1 /* GraphQL */,
				C0D4D13B2A5580DE001157B1 /* Products */,
				F99B397DB9C8BCA7EAA68A67 /* Pods */,
				AD27D868175BA20311C44086 /* Frameworks */,
			);
			sourceTree = "<group>";
		};
		C0D4D13B2A5580DE001157B1 /* Products */ = {
			isa = PBXGroup;
			children = (
				C0D4D13A2A5580DE001157B1 /* GraphQL.app */,
			);
			name = Products;
			sourceTree = "<group>";
		};
		C0D4D13C2A5580DE001157B1 /* GraphQL */ = {
			isa = PBXGroup;
			children = (
				C0DE2BA82AADC556000B995C /* apollo-codegen-config.json */,
				C0DE2B9E2AADC556000B995C /* schema1 */,
				C0DE2B7A2AADB4F0000B995C /* ExampleQuery.graphql */,
				C0D4D13D2A5580DE001157B1 /* AppDelegate.swift */,
				C0D4D13F2A5580DE001157B1 /* SceneDelegate.swift */,
				C0D4D1412A5580DE001157B1 /* ViewController.swift */,
				C0DE2B6E2AADA971000B995C /* schema1.json */,
				C0D4D1432A5580DE001157B1 /* Main.storyboard */,
				C0D4D1462A5580DF001157B1 /* Assets.xcassets */,
				C0D4D1482A5580DF001157B1 /* LaunchScreen.storyboard */,
				C0D4D14B2A5580DF001157B1 /* Info.plist */,
			);
			path = GraphQL;
			sourceTree = "<group>";
		};
		C0DE2B9E2AADC556000B995C /* schema1 */ = {
			isa = PBXGroup;
			children = (
				C0DE2B9F2AADC556000B995C /* Operations */,
				C0DE2BA22AADC556000B995C /* Schema */,
			);
			path = schema1;
			sourceTree = "<group>";
		};
		C0DE2B9F2AADC556000B995C /* Operations */ = {
			isa = PBXGroup;
			children = (
				C0DE2BA02AADC556000B995C /* Queries */,
			);
			path = Operations;
			sourceTree = "<group>";
		};
		C0DE2BA02AADC556000B995C /* Queries */ = {
			isa = PBXGroup;
			children = (
				C0DE2BA12AADC556000B995C /* ExampleQuery.graphql.swift */,
			);
			path = Queries;
			sourceTree = "<group>";
		};
		C0DE2BA22AADC556000B995C /* Schema */ = {
			isa = PBXGroup;
			children = (
				C0DE2BA32AADC556000B995C /* Objects */,
				C0DE2BA62AADC556000B995C /* SchemaConfiguration.swift */,
				C0DE2BA72AADC556000B995C /* SchemaMetadata.graphql.swift */,
			);
			path = Schema;
			sourceTree = "<group>";
		};
		C0DE2BA32AADC556000B995C /* Objects */ = {
			isa = PBXGroup;
			children = (
				C0DE2BA42AADC556000B995C /* Book.graphql.swift */,
				C0DE2BA52AADC556000B995C /* Query.graphql.swift */,
			);
			path = Objects;
			sourceTree = "<group>";
		};
		F99B397DB9C8BCA7EAA68A67 /* Pods */ = {
			isa = PBXGroup;
			children = (
				2BAB7B9E9768E335DBD6FBF5 /* Pods-GraphQL.debug.xcconfig */,
				33359FA070FBC85551AFCDCF /* Pods-GraphQL.release.xcconfig */,
			);
			path = Pods;
			sourceTree = "<group>";
		};
/* End PBXGroup section */

/* Begin PBXNativeTarget section */
		C0D4D1392A5580DE001157B1 /* GraphQL */ = {
			isa = PBXNativeTarget;
			buildConfigurationList = C0D4D14E2A5580DF001157B1 /* Build configuration list for PBXNativeTarget "GraphQL" */;
			buildPhases = (
				398B1936F243E1ABAE1EFA21 /* [CP] Check Pods Manifest.lock */,
				C0D4D1362A5580DE001157B1 /* Sources */,
				C0D4D1372A5580DE001157B1 /* Frameworks */,
				C0D4D1382A5580DE001157B1 /* Resources */,
				EB9A4CEB15D1CCEE14488DE6 /* [CP] Embed Pods Frameworks */,
			);
			buildRules = (
			);
			dependencies = (
			);
			name = GraphQL;
			productName = GraphQL;
			productReference = C0D4D13A2A5580DE001157B1 /* GraphQL.app */;
			productType = "com.apple.product-type.application";
		};
/* End PBXNativeTarget section */

/* Begin PBXProject section */
		C0D4D1322A5580DE001157B1 /* Project object */ = {
			isa = PBXProject;
			attributes = {
				BuildIndependentTargetsInParallel = 1;
				LastSwiftUpdateCheck = 1420;
				LastUpgradeCheck = 1420;
				TargetAttributes = {
					C0D4D1392A5580DE001157B1 = {
						CreatedOnToolsVersion = 14.2;
					};
				};
			};
			buildConfigurationList = C0D4D1352A5580DE001157B1 /* Build configuration list for PBXProject "GraphQL" */;
			compatibilityVersion = "Xcode 14.0";
			developmentRegion = en;
			hasScannedForEncodings = 0;
			knownRegions = (
				en,
				Base,
			);
			mainGroup = C0D4D1312A5580DE001157B1;
			productRefGroup = C0D4D13B2A5580DE001157B1 /* Products */;
			projectDirPath = "";
			projectRoot = "";
			targets = (
				C0D4D1392A5580DE001157B1 /* GraphQL */,
			);
		};
/* End PBXProject section */

/* Begin PBXResourcesBuildPhase section */
		C0D4D1382A5580DE001157B1 /* Resources */ = {
			isa = PBXResourcesBuildPhase;
			buildActionMask = 2147483647;
			files = (
				C0D4D14A2A5580DF001157B1 /* LaunchScreen.storyboard in Resources */,
				C0DE2B6F2AADA971000B995C /* schema1.json in Resources */,
				C0DE2BAE2AADC556000B995C /* apollo-codegen-config.json in Resources */,
				C0D4D1472A5580DF001157B1 /* Assets.xcassets in Resources */,
				C0D4D1452A5580DE001157B1 /* Main.storyboard in Resources */,
				C0DE2B7B2AADB4F0000B995C /* ExampleQuery.graphql in Resources */,
			);
			runOnlyForDeploymentPostprocessing = 0;
		};
/* End PBXResourcesBuildPhase section */

/* Begin PBXShellScriptBuildPhase section */
		398B1936F243E1ABAE1EFA21 /* [CP] Check Pods Manifest.lock */ = {
			isa = PBXShellScriptBuildPhase;
			buildActionMask = 2147483647;
			files = (
			);
			inputFileListPaths = (
			);
			inputPaths = (
				"${PODS_PODFILE_DIR_PATH}/Podfile.lock",
				"${PODS_ROOT}/Manifest.lock",
			);
			name = "[CP] Check Pods Manifest.lock";
			outputFileListPaths = (
			);
			outputPaths = (
				"$(DERIVED_FILE_DIR)/Pods-GraphQL-checkManifestLockResult.txt",
			);
			runOnlyForDeploymentPostprocessing = 0;
			shellPath = /bin/sh;
			shellScript = "diff \"${PODS_PODFILE_DIR_PATH}/Podfile.lock\" \"${PODS_ROOT}/Manifest.lock\" > /dev/null\nif [ $? != 0 ] ; then\n    # print error to STDERR\n    echo \"error: The sandbox is not in sync with the Podfile.lock. Run 'pod install' or update your CocoaPods installation.\" >&2\n    exit 1\nfi\n# This output is used by Xcode 'outputs' to avoid re-running this script phase.\necho \"SUCCESS\" > \"${SCRIPT_OUTPUT_FILE_0}\"\n";
			showEnvVarsInLog = 0;
		};
		EB9A4CEB15D1CCEE14488DE6 /* [CP] Embed Pods Frameworks */ = {
			isa = PBXShellScriptBuildPhase;
			buildActionMask = 2147483647;
			files = (
			);
			inputFileListPaths = (
				"${PODS_ROOT}/Target Support Files/Pods-GraphQL/Pods-GraphQL-frameworks-${CONFIGURATION}-input-files.xcfilelist",
			);
			name = "[CP] Embed Pods Frameworks";
			outputFileListPaths = (
				"${PODS_ROOT}/Target Support Files/Pods-GraphQL/Pods-GraphQL-frameworks-${CONFIGURATION}-output-files.xcfilelist",
			);
			runOnlyForDeploymentPostprocessing = 0;
			shellPath = /bin/sh;
			shellScript = "\"${PODS_ROOT}/Target Support Files/Pods-GraphQL/Pods-GraphQL-frameworks.sh\"\n";
			showEnvVarsInLog = 0;
		};
/* End PBXShellScriptBuildPhase section */

/* Begin PBXSourcesBuildPhase section */
		C0D4D1362A5580DE001157B1 /* Sources */ = {
			isa = PBXSourcesBuildPhase;
			buildActionMask = 2147483647;
			files = (
				C0DE2BA92AADC556000B995C /* ExampleQuery.graphql.swift in Sources */,
				C0DE2BAB2AADC556000B995C /* Query.graphql.swift in Sources */,
				C0D4D1422A5580DE001157B1 /* ViewController.swift in Sources */,
				C0D4D13E2A5580DE001157B1 /* AppDelegate.swift in Sources */,
				C0DE2BAC2AADC556000B995C /* SchemaConfiguration.swift in Sources */,
				C0DE2BAA2AADC556000B995C /* Book.graphql.swift in Sources */,
				C0DE2BAD2AADC556000B995C /* SchemaMetadata.graphql.swift in Sources */,
				C0D4D1402A5580DE001157B1 /* SceneDelegate.swift in Sources */,
			);
			runOnlyForDeploymentPostprocessing = 0;
		};
/* End PBXSourcesBuildPhase section */

/* Begin PBXVariantGroup section */
		C0D4D1432A5580DE001157B1 /* Main.storyboard */ = {
			isa = PBXVariantGroup;
			children = (
				C0D4D1442A5580DE001157B1 /* Base */,
			);
			name = Main.storyboard;
			sourceTree = "<group>";
		};
		C0D4D1482A5580DF001157B1 /* LaunchScreen.storyboard */ = {
			isa = PBXVariantGroup;
			children = (
				C0D4D1492A5580DF001157B1 /* Base */,
			);
			name = LaunchScreen.storyboard;
			sourceTree = "<group>";
		};
/* End PBXVariantGroup section */

/* Begin XCBuildConfiguration section */
		C0D4D14C2A5580DF001157B1 /* Debug */ = {
			isa = XCBuildConfiguration;
			buildSettings = {
				ALWAYS_SEARCH_USER_PATHS = NO;
				CLANG_ANALYZER_NONNULL = YES;
				CLANG_ANALYZER_NUMBER_OBJECT_CONVERSION = YES_AGGRESSIVE;
				CLANG_CXX_LANGUAGE_STANDARD = "gnu++20";
				CLANG_ENABLE_MODULES = YES;
				CLANG_ENABLE_OBJC_ARC = YES;
				CLANG_ENABLE_OBJC_WEAK = YES;
				CLANG_WARN_BLOCK_CAPTURE_AUTORELEASING = YES;
				CLANG_WARN_BOOL_CONVERSION = YES;
				CLANG_WARN_COMMA = YES;
				CLANG_WARN_CONSTANT_CONVERSION = YES;
				CLANG_WARN_DEPRECATED_OBJC_IMPLEMENTATIONS = YES;
				CLANG_WARN_DIRECT_OBJC_ISA_USAGE = YES_ERROR;
				CLANG_WARN_DOCUMENTATION_COMMENTS = YES;
				CLANG_WARN_EMPTY_BODY = YES;
				CLANG_WARN_ENUM_CONVERSION = YES;
				CLANG_WARN_INFINITE_RECURSION = YES;
				CLANG_WARN_INT_CONVERSION = YES;
				CLANG_WARN_NON_LITERAL_NULL_CONVERSION = YES;
				CLANG_WARN_OBJC_IMPLICIT_RETAIN_SELF = YES;
				CLANG_WARN_OBJC_LITERAL_CONVERSION = YES;
				CLANG_WARN_OBJC_ROOT_CLASS = YES_ERROR;
				CLANG_WARN_QUOTED_INCLUDE_IN_FRAMEWORK_HEADER = YES;
				CLANG_WARN_RANGE_LOOP_ANALYSIS = YES;
				CLANG_WARN_STRICT_PROTOTYPES = YES;
				CLANG_WARN_SUSPICIOUS_MOVE = YES;
				CLANG_WARN_UNGUARDED_AVAILABILITY = YES_AGGRESSIVE;
				CLANG_WARN_UNREACHABLE_CODE = YES;
				CLANG_WARN__DUPLICATE_METHOD_MATCH = YES;
				COPY_PHASE_STRIP = NO;
				DEBUG_INFORMATION_FORMAT = dwarf;
				ENABLE_STRICT_OBJC_MSGSEND = YES;
				ENABLE_TESTABILITY = YES;
				GCC_C_LANGUAGE_STANDARD = gnu11;
				GCC_DYNAMIC_NO_PIC = NO;
				GCC_NO_COMMON_BLOCKS = YES;
				GCC_OPTIMIZATION_LEVEL = 0;
				GCC_PREPROCESSOR_DEFINITIONS = (
					"DEBUG=1",
					"$(inherited)",
				);
				GCC_WARN_64_TO_32_BIT_CONVERSION = YES;
				GCC_WARN_ABOUT_RETURN_TYPE = YES_ERROR;
				GCC_WARN_UNDECLARED_SELECTOR = YES;
				GCC_WARN_UNINITIALIZED_AUTOS = YES_AGGRESSIVE;
				GCC_WARN_UNUSED_FUNCTION = YES;
				GCC_WARN_UNUSED_VARIABLE = YES;
				IPHONEOS_DEPLOYMENT_TARGET = 16.2;
				MTL_ENABLE_DEBUG_INFO = INCLUDE_SOURCE;
				MTL_FAST_MATH = YES;
				ONLY_ACTIVE_ARCH = YES;
				SDKROOT = iphoneos;
				SWIFT_ACTIVE_COMPILATION_CONDITIONS = DEBUG;
				SWIFT_OPTIMIZATION_LEVEL = "-Onone";
			};
			name = Debug;
		};
		C0D4D14D2A5580DF001157B1 /* Release */ = {
			isa = XCBuildConfiguration;
			buildSettings = {
				ALWAYS_SEARCH_USER_PATHS = NO;
				CLANG_ANALYZER_NONNULL = YES;
				CLANG_ANALYZER_NUMBER_OBJECT_CONVERSION = YES_AGGRESSIVE;
				CLANG_CXX_LANGUAGE_STANDARD = "gnu++20";
				CLANG_ENABLE_MODULES = YES;
				CLANG_ENABLE_OBJC_ARC = YES;
				CLANG_ENABLE_OBJC_WEAK = YES;
				CLANG_WARN_BLOCK_CAPTURE_AUTORELEASING = YES;
				CLANG_WARN_BOOL_CONVERSION = YES;
				CLANG_WARN_COMMA = YES;
				CLANG_WARN_CONSTANT_CONVERSION = YES;
				CLANG_WARN_DEPRECATED_OBJC_IMPLEMENTATIONS = YES;
				CLANG_WARN_DIRECT_OBJC_ISA_USAGE = YES_ERROR;
				CLANG_WARN_DOCUMENTATION_COMMENTS = YES;
				CLANG_WARN_EMPTY_BODY = YES;
				CLANG_WARN_ENUM_CONVERSION = YES;
				CLANG_WARN_INFINITE_RECURSION = YES;
				CLANG_WARN_INT_CONVERSION = YES;
				CLANG_WARN_NON_LITERAL_NULL_CONVERSION = YES;
				CLANG_WARN_OBJC_IMPLICIT_RETAIN_SELF = YES;
				CLANG_WARN_OBJC_LITERAL_CONVERSION = YES;
				CLANG_WARN_OBJC_ROOT_CLASS = YES_ERROR;
				CLANG_WARN_QUOTED_INCLUDE_IN_FRAMEWORK_HEADER = YES;
				CLANG_WARN_RANGE_LOOP_ANALYSIS = YES;
				CLANG_WARN_STRICT_PROTOTYPES = YES;
				CLANG_WARN_SUSPICIOUS_MOVE = YES;
				CLANG_WARN_UNGUARDED_AVAILABILITY = YES_AGGRESSIVE;
				CLANG_WARN_UNREACHABLE_CODE = YES;
				CLANG_WARN__DUPLICATE_METHOD_MATCH = YES;
				COPY_PHASE_STRIP = NO;
				DEBUG_INFORMATION_FORMAT = "dwarf-with-dsym";
				ENABLE_NS_ASSERTIONS = NO;
				ENABLE_STRICT_OBJC_MSGSEND = YES;
				GCC_C_LANGUAGE_STANDARD = gnu11;
				GCC_NO_COMMON_BLOCKS = YES;
				GCC_WARN_64_TO_32_BIT_CONVERSION = YES;
				GCC_WARN_ABOUT_RETURN_TYPE = YES_ERROR;
				GCC_WARN_UNDECLARED_SELECTOR = YES;
				GCC_WARN_UNINITIALIZED_AUTOS = YES_AGGRESSIVE;
				GCC_WARN_UNUSED_FUNCTION = YES;
				GCC_WARN_UNUSED_VARIABLE = YES;
				IPHONEOS_DEPLOYMENT_TARGET = 16.2;
				MTL_ENABLE_DEBUG_INFO = NO;
				MTL_FAST_MATH = YES;
				SDKROOT = iphoneos;
				SWIFT_COMPILATION_MODE = wholemodule;
				SWIFT_OPTIMIZATION_LEVEL = "-O";
				VALIDATE_PRODUCT = YES;
			};
			name = Release;
		};
		C0D4D14F2A5580DF001157B1 /* Debug */ = {
			isa = XCBuildConfiguration;
			baseConfigurationReference = 2BAB7B9E9768E335DBD6FBF5 /* Pods-GraphQL.debug.xcconfig */;
			buildSettings = {
				ASSETCATALOG_COMPILER_APPICON_NAME = AppIcon;
				ASSETCATALOG_COMPILER_GLOBAL_ACCENT_COLOR_NAME = AccentColor;
				CODE_SIGN_STYLE = Automatic;
				CURRENT_PROJECT_VERSION = 1;
				GENERATE_INFOPLIST_FILE = YES;
				INFOPLIST_FILE = GraphQL/Info.plist;
				INFOPLIST_KEY_UIApplicationSupportsIndirectInputEvents = YES;
				INFOPLIST_KEY_UILaunchStoryboardName = LaunchScreen;
				INFOPLIST_KEY_UIMainStoryboardFile = Main;
				INFOPLIST_KEY_UISupportedInterfaceOrientations_iPad = "UIInterfaceOrientationPortrait UIInterfaceOrientationPortraitUpsideDown UIInterfaceOrientationLandscapeLeft UIInterfaceOrientationLandscapeRight";
				INFOPLIST_KEY_UISupportedInterfaceOrientations_iPhone = "UIInterfaceOrientationPortrait UIInterfaceOrientationLandscapeLeft UIInterfaceOrientationLandscapeRight";
				LD_RUNPATH_SEARCH_PATHS = (
					"$(inherited)",
					"@executable_path/Frameworks",
				);
				MARKETING_VERSION = 1.0;
				PRODUCT_BUNDLE_IDENTIFIER = com.Sudeep.GraphQL;
				PRODUCT_NAME = "$(TARGET_NAME)";
				SWIFT_EMIT_LOC_STRINGS = YES;
				SWIFT_VERSION = 5.0;
				TARGETED_DEVICE_FAMILY = "1,2";
			};
			name = Debug;
		};
		C0D4D1502A5580DF001157B1 /* Release */ = {
			isa = XCBuildConfiguration;
			baseConfigurationReference = 33359FA070FBC85551AFCDCF /* Pods-GraphQL.release.xcconfig */;
			buildSettings = {
				ASSETCATALOG_COMPILER_APPICON_NAME = AppIcon;
				ASSETCATALOG_COMPILER_GLOBAL_ACCENT_COLOR_NAME = AccentColor;
				CODE_SIGN_STYLE = Automatic;
				CURRENT_PROJECT_VERSION = 1;
				GENERATE_INFOPLIST_FILE = YES;
				INFOPLIST_FILE = GraphQL/Info.plist;
				INFOPLIST_KEY_UIApplicationSupportsIndirectInputEvents = YES;
				INFOPLIST_KEY_UILaunchStoryboardName = LaunchScreen;
				INFOPLIST_KEY_UIMainStoryboardFile = Main;
				INFOPLIST_KEY_UISupportedInterfaceOrientations_iPad = "UIInterfaceOrientationPortrait UIInterfaceOrientationPortraitUpsideDown UIInterfaceOrientationLandscapeLeft UIInterfaceOrientationLandscapeRight";
				INFOPLIST_KEY_UISupportedInterfaceOrientations_iPhone = "UIInterfaceOrientationPortrait UIInterfaceOrientationLandscapeLeft UIInterfaceOrientationLandscapeRight";
				LD_RUNPATH_SEARCH_PATHS = (
					"$(inherited)",
					"@executable_path/Frameworks",
				);
				MARKETING_VERSION = 1.0;
				PRODUCT_BUNDLE_IDENTIFIER = com.Sudeep.GraphQL;
				PRODUCT_NAME = "$(TARGET_NAME)";
				SWIFT_EMIT_LOC_STRINGS = YES;
				SWIFT_VERSION = 5.0;
				TARGETED_DEVICE_FAMILY = "1,2";
			};
			name = Release;
		};
/* End XCBuildConfiguration section */

/* Begin XCConfigurationList section */
		C0D4D1352A5580DE001157B1 /* Build configuration list for PBXProject "GraphQL" */ = {
			isa = XCConfigurationList;
			buildConfigurations = (
				C0D4D14C2A5580DF001157B1 /* Debug */,
				C0D4D14D2A5580DF001157B1 /* Release */,
			);
			defaultConfigurationIsVisible = 0;
			defaultConfigurationName = Release;
		};
		C0D4D14E2A5580DF001157B1 /* Build configuration list for PBXNativeTarget "GraphQL" */ = {
			isa = XCConfigurationList;
			buildConfigurations = (
				C0D4D14F2A5580DF001157B1 /* Debug */,
				C0D4D1502A5580DF001157B1 /* Release */,
			);
			defaultConfigurationIsVisible = 0;
			defaultConfigurationName = Release;
		};
/* End XCConfigurationList section */
	};
	rootObject = C0D4D1322A5580DE001157B1 /* Project object */;
}
